// !$*UTF8*$!
{
	archiveVersion = 1;
	classes = {
	};
	objectVersion = 46;
	objects = {

/* Begin PBXBuildFile section */
		265F04AD1BDB25B600AED274 /* main.c in Sources */ = {isa = PBXBuildFile; fileRef = 265F04AC1BDB25B600AED274 /* main.c */; };
		265F04BC1BDDD2C900AED274 /* common.c in Sources */ = {isa = PBXBuildFile; fileRef = 265F04BA1BDDD2C900AED274 /* common.c */; settings = {ASSET_TAGS = (); }; };
		26F4AB201BE06856007B3262 /* heap.c in Sources */ = {isa = PBXBuildFile; fileRef = 26F4AB1E1BE06856007B3262 /* heap.c */; settings = {ASSET_TAGS = (); }; };
		26F4AB251BE068C6007B3262 /* sortings.c in Sources */ = {isa = PBXBuildFile; fileRef = 26F4AB231BE068C6007B3262 /* sortings.c */; settings = {ASSET_TAGS = (); }; };
/* End PBXBuildFile section */

/* Begin PBXCopyFilesBuildPhase section */
		265F04A71BDB25B600AED274 /* CopyFiles */ = {
			isa = PBXCopyFilesBuildPhase;
			buildActionMask = 2147483647;
			dstPath = /usr/share/man/man1/;
			dstSubfolderSpec = 0;
			files = (
			);
			runOnlyForDeploymentPostprocessing = 1;
		};
/* End PBXCopyFilesBuildPhase section */

/* Begin PBXFileReference section */
		265F04A91BDB25B600AED274 /* Algorythms */ = {isa = PBXFileReference; explicitFileType = "compiled.mach-o.executable"; includeInIndex = 0; path = Algorythms; sourceTree = BUILT_PRODUCTS_DIR; };
		265F04AC1BDB25B600AED274 /* main.c */ = {isa = PBXFileReference; lastKnownFileType = sourcecode.c.c; path = main.c; sourceTree = "<group>"; };
		265F04BA1BDDD2C900AED274 /* common.c */ = {isa = PBXFileReference; fileEncoding = 4; lastKnownFileType = sourcecode.c.c; path = common.c; sourceTree = "<group>"; };
		265F04BB1BDDD2C900AED274 /* common.h */ = {isa = PBXFileReference; fileEncoding = 4; lastKnownFileType = sourcecode.c.h; path = common.h; sourceTree = "<group>"; };
		26F4AB1E1BE06856007B3262 /* heap.c */ = {isa = PBXFileReference; fileEncoding = 4; lastKnownFileType = sourcecode.c.c; path = heap.c; sourceTree = "<group>"; };
		26F4AB1F1BE06856007B3262 /* heap.h */ = {isa = PBXFileReference; fileEncoding = 4; lastKnownFileType = sourcecode.c.h; path = heap.h; sourceTree = "<group>"; };
		26F4AB231BE068C6007B3262 /* sortings.c */ = {isa = PBXFileReference; fileEncoding = 4; lastKnownFileType = sourcecode.c.c; path = sortings.c; sourceTree = "<group>"; };
		26F4AB241BE068C6007B3262 /* sortings.h */ = {isa = PBXFileReference; fileEncoding = 4; lastKnownFileType = sourcecode.c.h; path = sortings.h; sourceTree = "<group>"; };
/* End PBXFileReference section */

/* Begin PBXFrameworksBuildPhase section */
		265F04A61BDB25B600AED274 /* Frameworks */ = {
			isa = PBXFrameworksBuildPhase;
			buildActionMask = 2147483647;
			files = (
			);
			runOnlyForDeploymentPostprocessing = 0;
		};
/* End PBXFrameworksBuildPhase section */

/* Begin PBXGroup section */
		265F04A01BDB25B500AED274 = {
			isa = PBXGroup;
			children = (
				265F04AB1BDB25B600AED274 /* Algorythms */,
				265F04AA1BDB25B600AED274 /* Products */,
			);
			sourceTree = "<group>";
		};
		265F04AA1BDB25B600AED274 /* Products */ = {
			isa = PBXGroup;
			children = (
				265F04A91BDB25B600AED274 /* Algorythms */,
			);
			name = Products;
			sourceTree = "<group>";
		};
		265F04AB1BDB25B600AED274 /* Algorythms */ = {
			isa = PBXGroup;
			children = (
				26F4AB221BE0688D007B3262 /* Data Structures */,
				265F04B31BDDCEE700AED274 /* Sortings */,
				265F04AC1BDB25B600AED274 /* main.c */,
			);
			path = Algorythms;
			sourceTree = "<group>";
		};
		265F04B31BDDCEE700AED274 /* Sortings */ = {
			isa = PBXGroup;
			children = (
				265F04BA1BDDD2C900AED274 /* common.c */,
				265F04BB1BDDD2C900AED274 /* common.h */,
				26F4AB231BE068C6007B3262 /* sortings.c */,
				26F4AB241BE068C6007B3262 /* sortings.h */,
			);
			name = Sortings;
			sourceTree = "<group>";
		};
		26F4AB221BE0688D007B3262 /* Data Structures */ = {
			isa = PBXGroup;
			children = (
				26F4AB1E1BE06856007B3262 /* heap.c */,
				26F4AB1F1BE06856007B3262 /* heap.h */,
			);
			name = "Data Structures";
			sourceTree = "<group>";
		};
/* End PBXGroup section */

/* Begin PBXNativeTarget section */
		265F04A81BDB25B600AED274 /* Algorythms */ = {
			isa = PBXNativeTarget;
			buildConfigurationList = 265F04B01BDB25B600AED274 /* Build configuration list for PBXNativeTarget "Algorythms" */;
			buildPhases = (
				265F04A51BDB25B600AED274 /* Sources */,
				265F04A61BDB25B600AED274 /* Frameworks */,
				265F04A71BDB25B600AED274 /* CopyFiles */,
			);
			buildRules = (
			);
			dependencies = (
			);
			name = Algorythms;
			productName = Algorythms;
			productReference = 265F04A91BDB25B600AED274 /* Algorythms */;
			productType = "com.apple.product-type.tool";
		};
/* End PBXNativeTarget section */

/* Begin PBXProject section */
		265F04A11BDB25B500AED274 /* Project object */ = {
			isa = PBXProject;
			attributes = {
				LastUpgradeCheck = 0700;
				ORGANIZATIONNAME = abc;
				TargetAttributes = {
					265F04A81BDB25B600AED274 = {
						CreatedOnToolsVersion = 7.0.1;
					};
				};
			};
			buildConfigurationList = 265F04A41BDB25B600AED274 /* Build configuration list for PBXProject "Algorythms" */;
			compatibilityVersion = "Xcode 3.2";
			developmentRegion = English;
			hasScannedForEncodings = 0;
			knownRegions = (
				en,
			);
			mainGroup = 265F04A01BDB25B500AED274;
			productRefGroup = 265F04AA1BDB25B600AED274 /* Products */;
			projectDirPath = "";
			projectRoot = "";
			targets = (
				265F04A81BDB25B600AED274 /* Algorythms */,
			);
		};
/* End PBXProject section */

/* Begin PBXSourcesBuildPhase section */
		265F04A51BDB25B600AED274 /* Sources */ = {
			isa = PBXSourcesBuildPhase;
			buildActionMask = 2147483647;
			files = (
				26F4AB251BE068C6007B3262 /* sortings.c in Sources */,
				265F04BC1BDDD2C900AED274 /* common.c in Sources */,
				26F4AB201BE06856007B3262 /* heap.c in Sources */,
				265F04AD1BDB25B600AED274 /* main.c in Sources */,
			);
			runOnlyForDeploymentPostprocessing = 0;
		};
/* End PBXSourcesBuildPhase section */

/* Begin XCBuildConfiguration section */
		265F04AE1BDB25B600AED274 /* Debug */ = {
			isa = XCBuildConfiguration;
			buildSettings = {
				ALWAYS_SEARCH_USER_PATHS = NO;
				CLANG_CXX_LANGUAGE_STANDARD = "gnu++0x";
				CLANG_CXX_LIBRARY = "libc++";
				CLANG_ENABLE_MODULES = YES;
				CLANG_ENABLE_OBJC_ARC = YES;
				CLANG_WARN_BOOL_CONVERSION = YES;
				CLANG_WARN_CONSTANT_CONVERSION = YES;
				CLANG_WARN_DIRECT_OBJC_ISA_USAGE = YES_ERROR;
				CLANG_WARN_EMPTY_BODY = YES;
				CLANG_WARN_ENUM_CONVERSION = YES;
				CLANG_WARN_INT_CONVERSION = YES;
				CLANG_WARN_OBJC_ROOT_CLASS = YES_ERROR;
				CLANG_WARN_UNREACHABLE_CODE = YES;
				CLANG_WARN__DUPLICATE_METHOD_MATCH = YES;
				COPY_PHASE_STRIP = NO;
				DEBUG_INFORMATION_FORMAT = dwarf;
				ENABLE_STRICT_OBJC_MSGSEND = YES;
				ENABLE_TESTABILITY = YES;
				GCC_C_LANGUAGE_STANDARD = gnu99;
				GCC_DYNAMIC_NO_PIC = NO;
				GCC_NO_COMMON_BLOCKS = YES;
				GCC_OPTIMIZATION_LEVEL = 0;
				GCC_PREPROCESSOR_DEFINITIONS = (
					"DEBUG=1",
					"$(inherited)",
				);
				GCC_WARN_64_TO_32_BIT_CONVERSION = YES;
				GCC_WARN_ABOUT_RETURN_TYPE = YES_ERROR;
				GCC_WARN_UNDECLARED_SELECTOR = YES;
				GCC_WARN_UNINITIALIZED_AUTOS = YES_AGGRESSIVE;
				GCC_WARN_UNUSED_FUNCTION = YES;
				GCC_WARN_UNUSED_VARIABLE = YES;
				MACOSX_DEPLOYMENT_TARGET = 10.11;
				MTL_ENABLE_DEBUG_INFO = YES;
				ONLY_ACTIVE_ARCH = YES;
				SDKROOT = macosx;
			};
			name = Debug;
		};
		265F04AF1BDB25B600AED274 /* Release */ = {
			isa = XCBuildConfiguration;
			buildSettings = {
				ALWAYS_SEARCH_USER_PATHS = NO;
				CLANG_CXX_LANGUAGE_STANDARD = "gnu++0x";
				CLANG_CXX_LIBRARY = "libc++";
				CLANG_ENABLE_MODULES = YES;
				CLANG_ENABLE_OBJC_ARC = YES;
				CLANG_WARN_BOOL_CONVERSION = YES;
				CLANG_WARN_CONSTANT_CONVERSION = YES;
				CLANG_WARN_DIRECT_OBJC_ISA_USAGE = YES_ERROR;
				CLANG_WARN_EMPTY_BODY = YES;
				CLANG_WARN_ENUM_CONVERSION = YES;
				CLANG_WARN_INT_CONVERSION = YES;
				CLANG_WARN_OBJC_ROOT_CLASS = YES_ERROR;
				CLANG_WARN_UNREACHABLE_CODE = YES;
				CLANG_WARN__DUPLICATE_METHOD_MATCH = YES;
				COPY_PHASE_STRIP = NO;
				DEBUG_INFORMATION_FORMAT = "dwarf-with-dsym";
				ENABLE_NS_ASSERTIONS = NO;
				ENABLE_STRICT_OBJC_MSGSEND = YES;
				GCC_C_LANGUAGE_STANDARD = gnu99;
				GCC_NO_COMMON_BLOCKS = YES;
				GCC_WARN_64_TO_32_BIT_CONVERSION = YES;
				GCC_WARN_ABOUT_RETURN_TYPE = YES_ERROR;
				GCC_WARN_UNDECLARED_SELECTOR = YES;
				GCC_WARN_UNINITIALIZED_AUTOS = YES_AGGRESSIVE;
				GCC_WARN_UNUSED_FUNCTION = YES;
				GCC_WARN_UNUSED_VARIABLE = YES;
				MACOSX_DEPLOYMENT_TARGET = 10.11;
				MTL_ENABLE_DEBUG_INFO = NO;
				SDKROOT = macosx;
			};
			name = Release;
		};
		265F04B11BDB25B600AED274 /* Debug */ = {
			isa = XCBuildConfiguration;
			buildSettings = {
				PRODUCT_NAME = "$(TARGET_NAME)";
			};
			name = Debug;
		};
		265F04B21BDB25B600AED274 /* Release */ = {
			isa = XCBuildConfiguration;
			buildSettings = {
				PRODUCT_NAME = "$(TARGET_NAME)";
			};
			name = Release;
		};
/* End XCBuildConfiguration section */

/* Begin XCConfigurationList section */
		265F04A41BDB25B600AED274 /* Build configuration list for PBXProject "Algorythms" */ = {
			isa = XCConfigurationList;
			buildConfigurations = (
				265F04AE1BDB25B600AED274 /* Debug */,
				265F04AF1BDB25B600AED274 /* Release */,
			);
			defaultConfigurationIsVisible = 0;
			defaultConfigurationName = Release;
		};
		265F04B01BDB25B600AED274 /* Build configuration list for PBXNativeTarget "Algorythms" */ = {
			isa = XCConfigurationList;
			buildConfigurations = (
				265F04B11BDB25B600AED274 /* Debug */,
				265F04B21BDB25B600AED274 /* Release */,
			);
			defaultConfigurationIsVisible = 0;
			defaultConfigurationName = Release;
		};
/* End XCConfigurationList section */
	};
	rootObject = 265F04A11BDB25B500AED274 /* Project object */;
}
